
Microsoft Visual Studio Solution File, Format Version 12.00
# Visual Studio Version 17
VisualStudioVersion = 17.14.36603.0 d17.14
MinimumVisualStudioVersion = 10.0.40219.1
Project("{FAE04EC0-301F-11D3-BF4B-00C04F79EFBC}") = "ConfigurationServiceApp", "ConfigurationServiceApp\ConfigurationServiceApp.csproj", "{C121F947-096C-44A7-AD91-96860D316D39}"
EndProject
Project("{FAE04EC0-301F-11D3-BF4B-00C04F79EFBC}") = "JsonConfigurationApp", "JsonConfigurationApp\JsonConfigurationApp.csproj", "{9EDB669C-D8C8-42D2-A615-E503D06353D3}"
EndProject
Global
	GlobalSection(SolutionConfigurationPlatforms) = preSolution
		Debug|Any CPU = Debug|Any CPU
		Release|Any CPU = Release|Any CPU
	EndGlobalSection
	GlobalSection(ProjectConfigurationPlatforms) = postSolution
		{C121F947-096C-44A7-AD91-96860D316D39}.Debug|Any CPU.ActiveCfg = Debug|Any CPU
		{C121F947-096C-44A7-AD91-96860D316D39}.Debug|Any CPU.Build.0 = Debug|Any CPU
		{C121F947-096C-44A7-AD91-96860D316D39}.Release|Any CPU.ActiveCfg = Release|Any CPU
		{C121F947-096C-44A7-AD91-96860D316D39}.Release|Any CPU.Build.0 = Release|Any CPU
		{9EDB669C-D8C8-42D2-A615-E503D06353D3}.Debug|Any CPU.ActiveCfg = Debug|Any CPU
		{9EDB669C-D8C8-42D2-A615-E503D06353D3}.Debug|Any CPU.Build.0 = Debug|Any CPU
		{9EDB669C-D8C8-42D2-A615-E503D06353D3}.Release|Any CPU.ActiveCfg = Release|Any CPU
		{9EDB669C-D8C8-42D2-A615-E503D06353D3}.Release|Any CPU.Build.0 = Release|Any CPU
	EndGlobalSection
	GlobalSection(SolutionProperties) = preSolution
		HideSolutionNode = FALSE
	EndGlobalSection
	GlobalSection(ExtensibilityGlobals) = postSolution
		SolutionGuid = {464D1AF0-A6CE-4ADC-A99D-01746E5FD170}
	EndGlobalSection
EndGlobal
