
Microsoft Visual Studio Solution File, Format Version 12.00
# Visual Studio Version 17
VisualStudioVersion = 17.14.36603.0 d17.14
MinimumVisualStudioVersion = 10.0.40219.1
Project("{FAE04EC0-301F-11D3-BF4B-00C04F79EFBC}") = "DIWithReflection", "DIWithReflection\DIWithReflection.csproj", "{FA5FC2DE-E7E1-4977-AD14-7A3023BCAC37}"
EndProject
Global
	GlobalSection(SolutionConfigurationPlatforms) = preSolution
		Debug|Any CPU = Debug|Any CPU
		Release|Any CPU = Release|Any CPU
	EndGlobalSection
	GlobalSection(ProjectConfigurationPlatforms) = postSolution
		{FA5FC2DE-E7E1-4977-AD14-7A3023BCAC37}.Debug|Any CPU.ActiveCfg = Debug|Any CPU
		{FA5FC2DE-E7E1-4977-AD14-7A3023BCAC37}.Debug|Any CPU.Build.0 = Debug|Any CPU
		{FA5FC2DE-E7E1-4977-AD14-7A3023BCAC37}.Release|Any CPU.ActiveCfg = Release|Any CPU
		{FA5FC2DE-E7E1-4977-AD14-7A3023BCAC37}.Release|Any CPU.Build.0 = Release|Any CPU
	EndGlobalSection
	GlobalSection(SolutionProperties) = preSolution
		HideSolutionNode = FALSE
	EndGlobalSection
	GlobalSection(ExtensibilityGlobals) = postSolution
		SolutionGuid = {A2F26D8A-3FAC-4F4C-9514-9F61EEC3909F}
	EndGlobalSection
EndGlobal
