
Microsoft Visual Studio Solution File, Format Version 12.00
# Visual Studio Version 17
VisualStudioVersion = 17.14.36603.0 d17.14
MinimumVisualStudioVersion = 10.0.40219.1
Project("{FAE04EC0-301F-11D3-BF4B-00C04F79EFBC}") = "HostingApp", "HostingApp\HostingApp.csproj", "{22B0D878-AC1B-46A8-99F2-D39EB3A32B55}"
EndProject
Global
	GlobalSection(SolutionConfigurationPlatforms) = preSolution
		Debug|Any CPU = Debug|Any CPU
		Release|Any CPU = Release|Any CPU
	EndGlobalSection
	GlobalSection(ProjectConfigurationPlatforms) = postSolution
		{22B0D878-AC1B-46A8-99F2-D39EB3A32B55}.Debug|Any CPU.ActiveCfg = Debug|Any CPU
		{22B0D878-AC1B-46A8-99F2-D39EB3A32B55}.Debug|Any CPU.Build.0 = Debug|Any CPU
		{22B0D878-AC1B-46A8-99F2-D39EB3A32B55}.Release|Any CPU.ActiveCfg = Release|Any CPU
		{22B0D878-AC1B-46A8-99F2-D39EB3A32B55}.Release|Any CPU.Build.0 = Release|Any CPU
	EndGlobalSection
	GlobalSection(SolutionProperties) = preSolution
		HideSolutionNode = FALSE
	EndGlobalSection
	GlobalSection(ExtensibilityGlobals) = postSolution
		SolutionGuid = {18B0D635-E5D2-478D-95F6-8FB4392A259F}
	EndGlobalSection
EndGlobal
