
Microsoft Visual Studio Solution File, Format Version 12.00
# Visual Studio Version 17
VisualStudioVersion = 17.14.36603.0 d17.14
MinimumVisualStudioVersion = 10.0.40219.1
Project("{FAE04EC0-301F-11D3-BF4B-00C04F79EFBC}") = "MapperAppUser", "MapperAppUser\MapperAppUser.csproj", "{09202AB8-B2DF-493C-8927-56AAB866BE39}"
EndProject
Project("{FAE04EC0-301F-11D3-BF4B-00C04F79EFBC}") = "MapperLibrary", "MapperLibrary\MapperLibrary.csproj", "{24385CD8-2F1F-46A2-AC00-B8578A18B670}"
EndProject
Global
	GlobalSection(SolutionConfigurationPlatforms) = preSolution
		Debug|Any CPU = Debug|Any CPU
		Release|Any CPU = Release|Any CPU
	EndGlobalSection
	GlobalSection(ProjectConfigurationPlatforms) = postSolution
		{09202AB8-B2DF-493C-8927-56AAB866BE39}.Debug|Any CPU.ActiveCfg = Debug|Any CPU
		{09202AB8-B2DF-493C-8927-56AAB866BE39}.Debug|Any CPU.Build.0 = Debug|Any CPU
		{09202AB8-B2DF-493C-8927-56AAB866BE39}.Release|Any CPU.ActiveCfg = Release|Any CPU
		{09202AB8-B2DF-493C-8927-56AAB866BE39}.Release|Any CPU.Build.0 = Release|Any CPU
		{24385CD8-2F1F-46A2-AC00-B8578A18B670}.Debug|Any CPU.ActiveCfg = Debug|Any CPU
		{24385CD8-2F1F-46A2-AC00-B8578A18B670}.Debug|Any CPU.Build.0 = Debug|Any CPU
		{24385CD8-2F1F-46A2-AC00-B8578A18B670}.Release|Any CPU.ActiveCfg = Release|Any CPU
		{24385CD8-2F1F-46A2-AC00-B8578A18B670}.Release|Any CPU.Build.0 = Release|Any CPU
	EndGlobalSection
	GlobalSection(SolutionProperties) = preSolution
		HideSolutionNode = FALSE
	EndGlobalSection
	GlobalSection(ExtensibilityGlobals) = postSolution
		SolutionGuid = {BF6AAE9B-13A0-4022-98F1-F3DD4B55BE2E}
	EndGlobalSection
EndGlobal
