
Microsoft Visual Studio Solution File, Format Version 12.00
# Visual Studio Version 17
VisualStudioVersion = 17.14.36603.0 d17.14
MinimumVisualStudioVersion = 10.0.40219.1
Project("{FAE04EC0-301F-11D3-BF4B-00C04F79EFBC}") = "ReflectionAppClient", "ReflectionAppClient\ReflectionAppClient.csproj", "{BB925E26-BC1E-4B34-9DCA-5B3B3249049A}"
EndProject
Global
	GlobalSection(SolutionConfigurationPlatforms) = preSolution
		Debug|Any CPU = Debug|Any CPU
		Release|Any CPU = Release|Any CPU
	EndGlobalSection
	GlobalSection(ProjectConfigurationPlatforms) = postSolution
		{BB925E26-BC1E-4B34-9DCA-5B3B3249049A}.Debug|Any CPU.ActiveCfg = Debug|Any CPU
		{BB925E26-BC1E-4B34-9DCA-5B3B3249049A}.Debug|Any CPU.Build.0 = Debug|Any CPU
		{BB925E26-BC1E-4B34-9DCA-5B3B3249049A}.Release|Any CPU.ActiveCfg = Release|Any CPU
		{BB925E26-BC1E-4B34-9DCA-5B3B3249049A}.Release|Any CPU.Build.0 = Release|Any CPU
	EndGlobalSection
	GlobalSection(SolutionProperties) = preSolution
		HideSolutionNode = FALSE
	EndGlobalSection
	GlobalSection(ExtensibilityGlobals) = postSolution
		SolutionGuid = {8F53E6EE-E412-4950-B889-1C1219547BAF}
	EndGlobalSection
EndGlobal
