
Microsoft Visual Studio Solution File, Format Version 12.00
# Visual Studio Version 17
VisualStudioVersion = 17.14.36603.0 d17.14
MinimumVisualStudioVersion = 10.0.40219.1
Project("{FAE04EC0-301F-11D3-BF4B-00C04F79EFBC}") = "BankAccountLibrary", "BankAccountLibrary\BankAccountLibrary.csproj", "{1BAB0ED0-7139-42F6-9202-CDED0301C919}"
EndProject
Project("{FAE04EC0-301F-11D3-BF4B-00C04F79EFBC}") = "AccountServiceFrontEnd", "AccountServiceFrontEnd\AccountServiceFrontEnd.csproj", "{2F8FAB04-2BE3-4A58-BC42-CCA43EED516D}"
EndProject
Global
	GlobalSection(SolutionConfigurationPlatforms) = preSolution
		Debug|Any CPU = Debug|Any CPU
		Release|Any CPU = Release|Any CPU
	EndGlobalSection
	GlobalSection(ProjectConfigurationPlatforms) = postSolution
		{1BAB0ED0-7139-42F6-9202-CDED0301C919}.Debug|Any CPU.ActiveCfg = Debug|Any CPU
		{1BAB0ED0-7139-42F6-9202-CDED0301C919}.Debug|Any CPU.Build.0 = Debug|Any CPU
		{1BAB0ED0-7139-42F6-9202-CDED0301C919}.Release|Any CPU.ActiveCfg = Release|Any CPU
		{1BAB0ED0-7139-42F6-9202-CDED0301C919}.Release|Any CPU.Build.0 = Release|Any CPU
		{2F8FAB04-2BE3-4A58-BC42-CCA43EED516D}.Debug|Any CPU.ActiveCfg = Debug|Any CPU
		{2F8FAB04-2BE3-4A58-BC42-CCA43EED516D}.Debug|Any CPU.Build.0 = Debug|Any CPU
		{2F8FAB04-2BE3-4A58-BC42-CCA43EED516D}.Release|Any CPU.ActiveCfg = Release|Any CPU
		{2F8FAB04-2BE3-4A58-BC42-CCA43EED516D}.Release|Any CPU.Build.0 = Release|Any CPU
	EndGlobalSection
	GlobalSection(SolutionProperties) = preSolution
		HideSolutionNode = FALSE
	EndGlobalSection
	GlobalSection(ExtensibilityGlobals) = postSolution
		SolutionGuid = {43E3EC50-A3B8-440D-95BC-68EA72C3AE05}
	EndGlobalSection
EndGlobal
