
Microsoft Visual Studio Solution File, Format Version 12.00
# Visual Studio Version 17
VisualStudioVersion = 17.14.36603.0 d17.14
MinimumVisualStudioVersion = 10.0.40219.1
Project("{FAE04EC0-301F-11D3-BF4B-00C04F79EFBC}") = "ThreadsApp", "ThreadsApp\ThreadsApp.csproj", "{ECE7F2F4-74AB-442F-A0F2-94CC5ED2FD42}"
EndProject
Project("{FAE04EC0-301F-11D3-BF4B-00C04F79EFBC}") = "SharedResourceAccess", "SharedResourceAccess\SharedResourceAccess.csproj", "{E5297F4E-5D7C-46AA-83D1-C195ACC9796C}"
EndProject
Global
	GlobalSection(SolutionConfigurationPlatforms) = preSolution
		Debug|Any CPU = Debug|Any CPU
		Release|Any CPU = Release|Any CPU
	EndGlobalSection
	GlobalSection(ProjectConfigurationPlatforms) = postSolution
		{ECE7F2F4-74AB-442F-A0F2-94CC5ED2FD42}.Debug|Any CPU.ActiveCfg = Debug|Any CPU
		{ECE7F2F4-74AB-442F-A0F2-94CC5ED2FD42}.Debug|Any CPU.Build.0 = Debug|Any CPU
		{ECE7F2F4-74AB-442F-A0F2-94CC5ED2FD42}.Release|Any CPU.ActiveCfg = Release|Any CPU
		{ECE7F2F4-74AB-442F-A0F2-94CC5ED2FD42}.Release|Any CPU.Build.0 = Release|Any CPU
		{E5297F4E-5D7C-46AA-83D1-C195ACC9796C}.Debug|Any CPU.ActiveCfg = Debug|Any CPU
		{E5297F4E-5D7C-46AA-83D1-C195ACC9796C}.Debug|Any CPU.Build.0 = Debug|Any CPU
		{E5297F4E-5D7C-46AA-83D1-C195ACC9796C}.Release|Any CPU.ActiveCfg = Release|Any CPU
		{E5297F4E-5D7C-46AA-83D1-C195ACC9796C}.Release|Any CPU.Build.0 = Release|Any CPU
	EndGlobalSection
	GlobalSection(SolutionProperties) = preSolution
		HideSolutionNode = FALSE
	EndGlobalSection
	GlobalSection(ExtensibilityGlobals) = postSolution
		SolutionGuid = {3C720A9C-4E44-4564-BF73-6B7DD650CB66}
	EndGlobalSection
EndGlobal
